
Microsoft Visual Studio Solution File, Format Version 12.00
# Visual Studio 2012
Project("{FAE04EC0-301F-11D3-BF4B-00C04F79EFBC}") = "InfluxDB.NET", "InfluxDB.NET\InfluxDB.NET.csproj", "{44AEA12C-0CAB-4FAA-A4AF-6D6C3E292B7C}"
EndProject
Global
	GlobalSection(SolutionConfigurationPlatforms) = preSolution
		Debug|Any CPU = Debug|Any CPU
		Release|Any CPU = Release|Any CPU
	EndGlobalSection
	GlobalSection(ProjectConfigurationPlatforms) = postSolution
		{44AEA12C-0CAB-4FAA-A4AF-6D6C3E292B7C}.Debug|Any CPU.ActiveCfg = Debug|Any CPU
		{44AEA12C-0CAB-4FAA-A4AF-6D6C3E292B7C}.Debug|Any CPU.Build.0 = Debug|Any CPU
		{44AEA12C-0CAB-4FAA-A4AF-6D6C3E292B7C}.Release|Any CPU.ActiveCfg = Release|Any CPU
		{44AEA12C-0CAB-4FAA-A4AF-6D6C3E292B7C}.Release|Any CPU.Build.0 = Release|Any CPU
	EndGlobalSection
	GlobalSection(SolutionProperties) = preSolution
		HideSolutionNode = FALSE
	EndGlobalSection
EndGlobal
